
Microsoft Visual Studio Solution File, Format Version 12.00
# Visual Studio Version 17
VisualStudioVersion = 17.0.31903.59
MinimumVisualStudioVersion = 10.0.40219.1
Project("{FAE04EC0-301F-11D3-BF4B-00C04F79EFBC}") = "1-01app", "1-01app\1-01app.csproj", "{7C186E58-B5C6-483A-BA06-95F86D07BF4D}"
EndProject
Project("{FAE04EC0-301F-11D3-BF4B-00C04F79EFBC}") = "1-02app", "1-02app\1-02app.csproj", "{3B037446-DA0D-4E59-BB93-F57A7F758E05}"
EndProject
Project("{FAE04EC0-301F-11D3-BF4B-00C04F79EFBC}") = "1-03app", "1-03app\1-03app.csproj", "{AB1E642B-38FE-471B-B266-169EE0AE443A}"
EndProject
Project("{FAE04EC0-301F-11D3-BF4B-00C04F79EFBC}") = "2-01app", "2-01app\2-01app.csproj", "{C51CEDE6-E384-4807-B7C3-A5E5FD63F377}"
EndProject
Project("{FAE04EC0-301F-11D3-BF4B-00C04F79EFBC}") = "2-02app", "2-02app\2-02app.csproj", "{D4CB4965-7E8A-4EA8-81B2-57638CCA1960}"
EndProject
Project("{FAE04EC0-301F-11D3-BF4B-00C04F79EFBC}") = "2-03app", "2-03app\2-03app.csproj", "{4953C829-2059-4CC9-A6DD-6F31460A860E}"
EndProject
Project("{FAE04EC0-301F-11D3-BF4B-00C04F79EFBC}") = "2-04app", "2-04app\2-04app.csproj", "{FE2706CE-ED81-4B38-ACA1-B6E1B6401B49}"
EndProject
Project("{FAE04EC0-301F-11D3-BF4B-00C04F79EFBC}") = "2-05app", "2-05app\2-05app.csproj", "{E934D5FA-9FA8-4DAA-A6C2-7C94E4962456}"
EndProject
Project("{FAE04EC0-301F-11D3-BF4B-00C04F79EFBC}") = "2-06app", "2-06app\2-06app.csproj", "{9C67B4CF-84D2-4291-94C6-9299AB6D7610}"
EndProject
Project("{FAE04EC0-301F-11D3-BF4B-00C04F79EFBC}") = "2-07app", "2-07app\2-07app.csproj", "{6278DB06-5551-4862-9688-53BB38AC9427}"
EndProject
Project("{FAE04EC0-301F-11D3-BF4B-00C04F79EFBC}") = "2-08app", "2-08app\2-08app.csproj", "{037072F3-5CD6-4F25-8A64-F42C1DC1B237}"
EndProject
Project("{FAE04EC0-301F-11D3-BF4B-00C04F79EFBC}") = "2-09app", "2-09app\2-09app.csproj", "{24D1CF08-3042-42D0-8451-493026695EFA}"
EndProject
Project("{FAE04EC0-301F-11D3-BF4B-00C04F79EFBC}") = "2-10app", "2-10app\2-10app.csproj", "{9E871996-68EF-4E63-A2B5-C867EB10B5D6}"
EndProject
Project("{FAE04EC0-301F-11D3-BF4B-00C04F79EFBC}") = "2-11app", "2-11app\2-11app.csproj", "{D2D3BAD5-EFF3-4838-9683-1230481DC722}"
EndProject
Project("{FAE04EC0-301F-11D3-BF4B-00C04F79EFBC}") = "2-12app", "2-12app\2-12app.csproj", "{17593640-00DF-4C75-98B2-83C74A81CACC}"
EndProject
Project("{FAE04EC0-301F-11D3-BF4B-00C04F79EFBC}") = "2-13app", "2-13app\2-13app.csproj", "{CFB0369B-FCBE-4996-94B4-B42A574F31BA}"
EndProject
Project("{FAE04EC0-301F-11D3-BF4B-00C04F79EFBC}") = "2-14app", "2-14app\2-14app.csproj", "{A086A95C-77C5-4B97-82E3-02BEFF64F1EF}"
EndProject
Project("{FAE04EC0-301F-11D3-BF4B-00C04F79EFBC}") = "2-15app", "2-15app\2-15app.csproj", "{39782891-ED33-41C8-896C-9D99D517471F}"
EndProject
Project("{FAE04EC0-301F-11D3-BF4B-00C04F79EFBC}") = "2-16app", "2-16app\2-16app.csproj", "{B1666309-AB00-4739-8384-41450E72BE85}"
EndProject
Project("{FAE04EC0-301F-11D3-BF4B-00C04F79EFBC}") = "2-17app", "2-17app\2-17app.csproj", "{2678D97F-3D1E-4FC4-A9A7-D65A8DA7F272}"
EndProject
Project("{FAE04EC0-301F-11D3-BF4B-00C04F79EFBC}") = "2-18app", "2-18app\2-18app.csproj", "{9AE0EC76-A9DD-4BE6-AA84-A9853475416A}"
EndProject
Project("{FAE04EC0-301F-11D3-BF4B-00C04F79EFBC}") = "3-19app", "3-19app\3-19app.csproj", "{168C8A15-0D0A-4303-BB6F-CA0A4F939A6D}"
EndProject
Project("{FAE04EC0-301F-11D3-BF4B-00C04F79EFBC}") = "3-20app", "3-20app\3-20app.csproj", "{1E243800-7E73-4BBA-927E-DC597F75CFE7}"
EndProject
Project("{FAE04EC0-301F-11D3-BF4B-00C04F79EFBC}") = "3-21app", "3-21app\3-21app.csproj", "{AE1D54D6-B78A-4FB5-8E7F-8AA2746290B7}"
EndProject
Project("{FAE04EC0-301F-11D3-BF4B-00C04F79EFBC}") = "3-22app", "3-22app\3-22app.csproj", "{12880DA8-132B-4ABE-BB87-F83AE08DBF6F}"
EndProject
Project("{FAE04EC0-301F-11D3-BF4B-00C04F79EFBC}") = "3-23app", "3-23app\3-23app.csproj", "{92CD5F94-2E7E-4B6A-9805-74E6959DF42D}"
EndProject
Project("{FAE04EC0-301F-11D3-BF4B-00C04F79EFBC}") = "3-24app", "3-24app\3-24app.csproj", "{F6B65974-0134-4E80-8A58-A5ABF86FBE3D}"
EndProject
Project("{FAE04EC0-301F-11D3-BF4B-00C04F79EFBC}") = "3-25app", "3-25app\3-25app.csproj", "{7BB71F4B-7776-4B0C-937E-B42A30FB08D7}"
EndProject
Project("{FAE04EC0-301F-11D3-BF4B-00C04F79EFBC}") = "3-26app", "3-26app\3-26app.csproj", "{1F5800A4-9903-4859-960C-CB5897CABEB3}"
EndProject
Project("{FAE04EC0-301F-11D3-BF4B-00C04F79EFBC}") = "3-27app", "3-27app\3-27app.csproj", "{83705BD0-6951-48A7-9E34-C5080E06E9AF}"
EndProject
Project("{FAE04EC0-301F-11D3-BF4B-00C04F79EFBC}") = "3-28app", "3-28app\3-28app.csproj", "{DC768F39-5DB2-4CF9-ABD6-CE186886538C}"
EndProject
Project("{FAE04EC0-301F-11D3-BF4B-00C04F79EFBC}") = "3-29app", "3-29app\3-29app.csproj", "{8F08DA43-3D09-4879-950D-C0FF1447BD12}"
EndProject
Project("{FAE04EC0-301F-11D3-BF4B-00C04F79EFBC}") = "3-30app", "3-30app\3-30app.csproj", "{F8C73839-4D9D-4CFE-A583-AA0A6E009CBB}"
EndProject
Project("{FAE04EC0-301F-11D3-BF4B-00C04F79EFBC}") = "3-31app", "3-31app\3-31app.csproj", "{9D02C51A-CE6C-45EE-AF0A-90B29DF3A77B}"
EndProject
Project("{FAE04EC0-301F-11D3-BF4B-00C04F79EFBC}") = "3-32app", "3-32app\3-32app.csproj", "{D97136C3-9664-404D-BBEB-E893311AE6D8}"
EndProject
Project("{FAE04EC0-301F-11D3-BF4B-00C04F79EFBC}") = "3-33app", "3-33app\3-33app.csproj", "{1E82D9D7-7A70-4505-8BC8-3694457BCA9A}"
EndProject
Project("{FAE04EC0-301F-11D3-BF4B-00C04F79EFBC}") = "3-34app", "3-34app\3-34app.csproj", "{38D932A8-1C6C-4344-8BED-DE86618F7569}"
EndProject
Project("{FAE04EC0-301F-11D3-BF4B-00C04F79EFBC}") = "3-35app", "3-35app\3-35app.csproj", "{0622F32C-25AE-4137-909C-D1A4AA05675C}"
EndProject
Project("{FAE04EC0-301F-11D3-BF4B-00C04F79EFBC}") = "3-36app", "3-36app\3-36app.csproj", "{52533A69-B272-4EFF-85EA-E1F8EC222734}"
EndProject
Global
	GlobalSection(SolutionConfigurationPlatforms) = preSolution
		Debug|Any CPU = Debug|Any CPU
		Release|Any CPU = Release|Any CPU
	EndGlobalSection
	GlobalSection(SolutionProperties) = preSolution
		HideSolutionNode = FALSE
	EndGlobalSection
	GlobalSection(ProjectConfigurationPlatforms) = postSolution
		{7C186E58-B5C6-483A-BA06-95F86D07BF4D}.Debug|Any CPU.ActiveCfg = Debug|Any CPU
		{7C186E58-B5C6-483A-BA06-95F86D07BF4D}.Debug|Any CPU.Build.0 = Debug|Any CPU
		{7C186E58-B5C6-483A-BA06-95F86D07BF4D}.Release|Any CPU.ActiveCfg = Release|Any CPU
		{7C186E58-B5C6-483A-BA06-95F86D07BF4D}.Release|Any CPU.Build.0 = Release|Any CPU
		{3B037446-DA0D-4E59-BB93-F57A7F758E05}.Debug|Any CPU.ActiveCfg = Debug|Any CPU
		{3B037446-DA0D-4E59-BB93-F57A7F758E05}.Debug|Any CPU.Build.0 = Debug|Any CPU
		{3B037446-DA0D-4E59-BB93-F57A7F758E05}.Release|Any CPU.ActiveCfg = Release|Any CPU
		{3B037446-DA0D-4E59-BB93-F57A7F758E05}.Release|Any CPU.Build.0 = Release|Any CPU
		{AB1E642B-38FE-471B-B266-169EE0AE443A}.Debug|Any CPU.ActiveCfg = Debug|Any CPU
		{AB1E642B-38FE-471B-B266-169EE0AE443A}.Debug|Any CPU.Build.0 = Debug|Any CPU
		{AB1E642B-38FE-471B-B266-169EE0AE443A}.Release|Any CPU.ActiveCfg = Release|Any CPU
		{AB1E642B-38FE-471B-B266-169EE0AE443A}.Release|Any CPU.Build.0 = Release|Any CPU
		{C51CEDE6-E384-4807-B7C3-A5E5FD63F377}.Debug|Any CPU.ActiveCfg = Debug|Any CPU
		{C51CEDE6-E384-4807-B7C3-A5E5FD63F377}.Debug|Any CPU.Build.0 = Debug|Any CPU
		{C51CEDE6-E384-4807-B7C3-A5E5FD63F377}.Release|Any CPU.ActiveCfg = Release|Any CPU
		{C51CEDE6-E384-4807-B7C3-A5E5FD63F377}.Release|Any CPU.Build.0 = Release|Any CPU
		{D4CB4965-7E8A-4EA8-81B2-57638CCA1960}.Debug|Any CPU.ActiveCfg = Debug|Any CPU
		{D4CB4965-7E8A-4EA8-81B2-57638CCA1960}.Debug|Any CPU.Build.0 = Debug|Any CPU
		{D4CB4965-7E8A-4EA8-81B2-57638CCA1960}.Release|Any CPU.ActiveCfg = Release|Any CPU
		{D4CB4965-7E8A-4EA8-81B2-57638CCA1960}.Release|Any CPU.Build.0 = Release|Any CPU
		{4953C829-2059-4CC9-A6DD-6F31460A860E}.Debug|Any CPU.ActiveCfg = Debug|Any CPU
		{4953C829-2059-4CC9-A6DD-6F31460A860E}.Debug|Any CPU.Build.0 = Debug|Any CPU
		{4953C829-2059-4CC9-A6DD-6F31460A860E}.Release|Any CPU.ActiveCfg = Release|Any CPU
		{4953C829-2059-4CC9-A6DD-6F31460A860E}.Release|Any CPU.Build.0 = Release|Any CPU
		{FE2706CE-ED81-4B38-ACA1-B6E1B6401B49}.Debug|Any CPU.ActiveCfg = Debug|Any CPU
		{FE2706CE-ED81-4B38-ACA1-B6E1B6401B49}.Debug|Any CPU.Build.0 = Debug|Any CPU
		{FE2706CE-ED81-4B38-ACA1-B6E1B6401B49}.Release|Any CPU.ActiveCfg = Release|Any CPU
		{FE2706CE-ED81-4B38-ACA1-B6E1B6401B49}.Release|Any CPU.Build.0 = Release|Any CPU
		{E934D5FA-9FA8-4DAA-A6C2-7C94E4962456}.Debug|Any CPU.ActiveCfg = Debug|Any CPU
		{E934D5FA-9FA8-4DAA-A6C2-7C94E4962456}.Debug|Any CPU.Build.0 = Debug|Any CPU
		{E934D5FA-9FA8-4DAA-A6C2-7C94E4962456}.Release|Any CPU.ActiveCfg = Release|Any CPU
		{E934D5FA-9FA8-4DAA-A6C2-7C94E4962456}.Release|Any CPU.Build.0 = Release|Any CPU
		{9C67B4CF-84D2-4291-94C6-9299AB6D7610}.Debug|Any CPU.ActiveCfg = Debug|Any CPU
		{9C67B4CF-84D2-4291-94C6-9299AB6D7610}.Debug|Any CPU.Build.0 = Debug|Any CPU
		{9C67B4CF-84D2-4291-94C6-9299AB6D7610}.Release|Any CPU.ActiveCfg = Release|Any CPU
		{9C67B4CF-84D2-4291-94C6-9299AB6D7610}.Release|Any CPU.Build.0 = Release|Any CPU
		{6278DB06-5551-4862-9688-53BB38AC9427}.Debug|Any CPU.ActiveCfg = Debug|Any CPU
		{6278DB06-5551-4862-9688-53BB38AC9427}.Debug|Any CPU.Build.0 = Debug|Any CPU
		{6278DB06-5551-4862-9688-53BB38AC9427}.Release|Any CPU.ActiveCfg = Release|Any CPU
		{6278DB06-5551-4862-9688-53BB38AC9427}.Release|Any CPU.Build.0 = Release|Any CPU
		{037072F3-5CD6-4F25-8A64-F42C1DC1B237}.Debug|Any CPU.ActiveCfg = Debug|Any CPU
		{037072F3-5CD6-4F25-8A64-F42C1DC1B237}.Debug|Any CPU.Build.0 = Debug|Any CPU
		{037072F3-5CD6-4F25-8A64-F42C1DC1B237}.Release|Any CPU.ActiveCfg = Release|Any CPU
		{037072F3-5CD6-4F25-8A64-F42C1DC1B237}.Release|Any CPU.Build.0 = Release|Any CPU
		{24D1CF08-3042-42D0-8451-493026695EFA}.Debug|Any CPU.ActiveCfg = Debug|Any CPU
		{24D1CF08-3042-42D0-8451-493026695EFA}.Debug|Any CPU.Build.0 = Debug|Any CPU
		{24D1CF08-3042-42D0-8451-493026695EFA}.Release|Any CPU.ActiveCfg = Release|Any CPU
		{24D1CF08-3042-42D0-8451-493026695EFA}.Release|Any CPU.Build.0 = Release|Any CPU
		{9E871996-68EF-4E63-A2B5-C867EB10B5D6}.Debug|Any CPU.ActiveCfg = Debug|Any CPU
		{9E871996-68EF-4E63-A2B5-C867EB10B5D6}.Debug|Any CPU.Build.0 = Debug|Any CPU
		{9E871996-68EF-4E63-A2B5-C867EB10B5D6}.Release|Any CPU.ActiveCfg = Release|Any CPU
		{9E871996-68EF-4E63-A2B5-C867EB10B5D6}.Release|Any CPU.Build.0 = Release|Any CPU
		{D2D3BAD5-EFF3-4838-9683-1230481DC722}.Debug|Any CPU.ActiveCfg = Debug|Any CPU
		{D2D3BAD5-EFF3-4838-9683-1230481DC722}.Debug|Any CPU.Build.0 = Debug|Any CPU
		{D2D3BAD5-EFF3-4838-9683-1230481DC722}.Release|Any CPU.ActiveCfg = Release|Any CPU
		{D2D3BAD5-EFF3-4838-9683-1230481DC722}.Release|Any CPU.Build.0 = Release|Any CPU
		{17593640-00DF-4C75-98B2-83C74A81CACC}.Debug|Any CPU.ActiveCfg = Debug|Any CPU
		{17593640-00DF-4C75-98B2-83C74A81CACC}.Debug|Any CPU.Build.0 = Debug|Any CPU
		{17593640-00DF-4C75-98B2-83C74A81CACC}.Release|Any CPU.ActiveCfg = Release|Any CPU
		{17593640-00DF-4C75-98B2-83C74A81CACC}.Release|Any CPU.Build.0 = Release|Any CPU
		{CFB0369B-FCBE-4996-94B4-B42A574F31BA}.Debug|Any CPU.ActiveCfg = Debug|Any CPU
		{CFB0369B-FCBE-4996-94B4-B42A574F31BA}.Debug|Any CPU.Build.0 = Debug|Any CPU
		{CFB0369B-FCBE-4996-94B4-B42A574F31BA}.Release|Any CPU.ActiveCfg = Release|Any CPU
		{CFB0369B-FCBE-4996-94B4-B42A574F31BA}.Release|Any CPU.Build.0 = Release|Any CPU
		{A086A95C-77C5-4B97-82E3-02BEFF64F1EF}.Debug|Any CPU.ActiveCfg = Debug|Any CPU
		{A086A95C-77C5-4B97-82E3-02BEFF64F1EF}.Debug|Any CPU.Build.0 = Debug|Any CPU
		{A086A95C-77C5-4B97-82E3-02BEFF64F1EF}.Release|Any CPU.ActiveCfg = Release|Any CPU
		{A086A95C-77C5-4B97-82E3-02BEFF64F1EF}.Release|Any CPU.Build.0 = Release|Any CPU
		{39782891-ED33-41C8-896C-9D99D517471F}.Debug|Any CPU.ActiveCfg = Debug|Any CPU
		{39782891-ED33-41C8-896C-9D99D517471F}.Debug|Any CPU.Build.0 = Debug|Any CPU
		{39782891-ED33-41C8-896C-9D99D517471F}.Release|Any CPU.ActiveCfg = Release|Any CPU
		{39782891-ED33-41C8-896C-9D99D517471F}.Release|Any CPU.Build.0 = Release|Any CPU
		{B1666309-AB00-4739-8384-41450E72BE85}.Debug|Any CPU.ActiveCfg = Debug|Any CPU
		{B1666309-AB00-4739-8384-41450E72BE85}.Debug|Any CPU.Build.0 = Debug|Any CPU
		{B1666309-AB00-4739-8384-41450E72BE85}.Release|Any CPU.ActiveCfg = Release|Any CPU
		{B1666309-AB00-4739-8384-41450E72BE85}.Release|Any CPU.Build.0 = Release|Any CPU
		{2678D97F-3D1E-4FC4-A9A7-D65A8DA7F272}.Debug|Any CPU.ActiveCfg = Debug|Any CPU
		{2678D97F-3D1E-4FC4-A9A7-D65A8DA7F272}.Debug|Any CPU.Build.0 = Debug|Any CPU
		{2678D97F-3D1E-4FC4-A9A7-D65A8DA7F272}.Release|Any CPU.ActiveCfg = Release|Any CPU
		{2678D97F-3D1E-4FC4-A9A7-D65A8DA7F272}.Release|Any CPU.Build.0 = Release|Any CPU
		{9AE0EC76-A9DD-4BE6-AA84-A9853475416A}.Debug|Any CPU.ActiveCfg = Debug|Any CPU
		{9AE0EC76-A9DD-4BE6-AA84-A9853475416A}.Debug|Any CPU.Build.0 = Debug|Any CPU
		{9AE0EC76-A9DD-4BE6-AA84-A9853475416A}.Release|Any CPU.ActiveCfg = Release|Any CPU
		{9AE0EC76-A9DD-4BE6-AA84-A9853475416A}.Release|Any CPU.Build.0 = Release|Any CPU
		{168C8A15-0D0A-4303-BB6F-CA0A4F939A6D}.Debug|Any CPU.ActiveCfg = Debug|Any CPU
		{168C8A15-0D0A-4303-BB6F-CA0A4F939A6D}.Debug|Any CPU.Build.0 = Debug|Any CPU
		{168C8A15-0D0A-4303-BB6F-CA0A4F939A6D}.Release|Any CPU.ActiveCfg = Release|Any CPU
		{168C8A15-0D0A-4303-BB6F-CA0A4F939A6D}.Release|Any CPU.Build.0 = Release|Any CPU
		{1E243800-7E73-4BBA-927E-DC597F75CFE7}.Debug|Any CPU.ActiveCfg = Debug|Any CPU
		{1E243800-7E73-4BBA-927E-DC597F75CFE7}.Debug|Any CPU.Build.0 = Debug|Any CPU
		{1E243800-7E73-4BBA-927E-DC597F75CFE7}.Release|Any CPU.ActiveCfg = Release|Any CPU
		{1E243800-7E73-4BBA-927E-DC597F75CFE7}.Release|Any CPU.Build.0 = Release|Any CPU
		{AE1D54D6-B78A-4FB5-8E7F-8AA2746290B7}.Debug|Any CPU.ActiveCfg = Debug|Any CPU
		{AE1D54D6-B78A-4FB5-8E7F-8AA2746290B7}.Debug|Any CPU.Build.0 = Debug|Any CPU
		{AE1D54D6-B78A-4FB5-8E7F-8AA2746290B7}.Release|Any CPU.ActiveCfg = Release|Any CPU
		{AE1D54D6-B78A-4FB5-8E7F-8AA2746290B7}.Release|Any CPU.Build.0 = Release|Any CPU
		{12880DA8-132B-4ABE-BB87-F83AE08DBF6F}.Debug|Any CPU.ActiveCfg = Debug|Any CPU
		{12880DA8-132B-4ABE-BB87-F83AE08DBF6F}.Debug|Any CPU.Build.0 = Debug|Any CPU
		{12880DA8-132B-4ABE-BB87-F83AE08DBF6F}.Release|Any CPU.ActiveCfg = Release|Any CPU
		{12880DA8-132B-4ABE-BB87-F83AE08DBF6F}.Release|Any CPU.Build.0 = Release|Any CPU
		{92CD5F94-2E7E-4B6A-9805-74E6959DF42D}.Debug|Any CPU.ActiveCfg = Debug|Any CPU
		{92CD5F94-2E7E-4B6A-9805-74E6959DF42D}.Debug|Any CPU.Build.0 = Debug|Any CPU
		{92CD5F94-2E7E-4B6A-9805-74E6959DF42D}.Release|Any CPU.ActiveCfg = Release|Any CPU
		{92CD5F94-2E7E-4B6A-9805-74E6959DF42D}.Release|Any CPU.Build.0 = Release|Any CPU
		{F6B65974-0134-4E80-8A58-A5ABF86FBE3D}.Debug|Any CPU.ActiveCfg = Debug|Any CPU
		{F6B65974-0134-4E80-8A58-A5ABF86FBE3D}.Debug|Any CPU.Build.0 = Debug|Any CPU
		{F6B65974-0134-4E80-8A58-A5ABF86FBE3D}.Release|Any CPU.ActiveCfg = Release|Any CPU
		{F6B65974-0134-4E80-8A58-A5ABF86FBE3D}.Release|Any CPU.Build.0 = Release|Any CPU
		{7BB71F4B-7776-4B0C-937E-B42A30FB08D7}.Debug|Any CPU.ActiveCfg = Debug|Any CPU
		{7BB71F4B-7776-4B0C-937E-B42A30FB08D7}.Debug|Any CPU.Build.0 = Debug|Any CPU
		{7BB71F4B-7776-4B0C-937E-B42A30FB08D7}.Release|Any CPU.ActiveCfg = Release|Any CPU
		{7BB71F4B-7776-4B0C-937E-B42A30FB08D7}.Release|Any CPU.Build.0 = Release|Any CPU
		{1F5800A4-9903-4859-960C-CB5897CABEB3}.Debug|Any CPU.ActiveCfg = Debug|Any CPU
		{1F5800A4-9903-4859-960C-CB5897CABEB3}.Debug|Any CPU.Build.0 = Debug|Any CPU
		{1F5800A4-9903-4859-960C-CB5897CABEB3}.Release|Any CPU.ActiveCfg = Release|Any CPU
		{1F5800A4-9903-4859-960C-CB5897CABEB3}.Release|Any CPU.Build.0 = Release|Any CPU
		{83705BD0-6951-48A7-9E34-C5080E06E9AF}.Debug|Any CPU.ActiveCfg = Debug|Any CPU
		{83705BD0-6951-48A7-9E34-C5080E06E9AF}.Debug|Any CPU.Build.0 = Debug|Any CPU
		{83705BD0-6951-48A7-9E34-C5080E06E9AF}.Release|Any CPU.ActiveCfg = Release|Any CPU
		{83705BD0-6951-48A7-9E34-C5080E06E9AF}.Release|Any CPU.Build.0 = Release|Any CPU
		{DC768F39-5DB2-4CF9-ABD6-CE186886538C}.Debug|Any CPU.ActiveCfg = Debug|Any CPU
		{DC768F39-5DB2-4CF9-ABD6-CE186886538C}.Debug|Any CPU.Build.0 = Debug|Any CPU
		{DC768F39-5DB2-4CF9-ABD6-CE186886538C}.Release|Any CPU.ActiveCfg = Release|Any CPU
		{DC768F39-5DB2-4CF9-ABD6-CE186886538C}.Release|Any CPU.Build.0 = Release|Any CPU
		{8F08DA43-3D09-4879-950D-C0FF1447BD12}.Debug|Any CPU.ActiveCfg = Debug|Any CPU
		{8F08DA43-3D09-4879-950D-C0FF1447BD12}.Debug|Any CPU.Build.0 = Debug|Any CPU
		{8F08DA43-3D09-4879-950D-C0FF1447BD12}.Release|Any CPU.ActiveCfg = Release|Any CPU
		{8F08DA43-3D09-4879-950D-C0FF1447BD12}.Release|Any CPU.Build.0 = Release|Any CPU
		{F8C73839-4D9D-4CFE-A583-AA0A6E009CBB}.Debug|Any CPU.ActiveCfg = Debug|Any CPU
		{F8C73839-4D9D-4CFE-A583-AA0A6E009CBB}.Debug|Any CPU.Build.0 = Debug|Any CPU
		{F8C73839-4D9D-4CFE-A583-AA0A6E009CBB}.Release|Any CPU.ActiveCfg = Release|Any CPU
		{F8C73839-4D9D-4CFE-A583-AA0A6E009CBB}.Release|Any CPU.Build.0 = Release|Any CPU
		{9D02C51A-CE6C-45EE-AF0A-90B29DF3A77B}.Debug|Any CPU.ActiveCfg = Debug|Any CPU
		{9D02C51A-CE6C-45EE-AF0A-90B29DF3A77B}.Debug|Any CPU.Build.0 = Debug|Any CPU
		{9D02C51A-CE6C-45EE-AF0A-90B29DF3A77B}.Release|Any CPU.ActiveCfg = Release|Any CPU
		{9D02C51A-CE6C-45EE-AF0A-90B29DF3A77B}.Release|Any CPU.Build.0 = Release|Any CPU
		{D97136C3-9664-404D-BBEB-E893311AE6D8}.Debug|Any CPU.ActiveCfg = Debug|Any CPU
		{D97136C3-9664-404D-BBEB-E893311AE6D8}.Debug|Any CPU.Build.0 = Debug|Any CPU
		{D97136C3-9664-404D-BBEB-E893311AE6D8}.Release|Any CPU.ActiveCfg = Release|Any CPU
		{D97136C3-9664-404D-BBEB-E893311AE6D8}.Release|Any CPU.Build.0 = Release|Any CPU
		{1E82D9D7-7A70-4505-8BC8-3694457BCA9A}.Debug|Any CPU.ActiveCfg = Debug|Any CPU
		{1E82D9D7-7A70-4505-8BC8-3694457BCA9A}.Debug|Any CPU.Build.0 = Debug|Any CPU
		{1E82D9D7-7A70-4505-8BC8-3694457BCA9A}.Release|Any CPU.ActiveCfg = Release|Any CPU
		{1E82D9D7-7A70-4505-8BC8-3694457BCA9A}.Release|Any CPU.Build.0 = Release|Any CPU
		{38D932A8-1C6C-4344-8BED-DE86618F7569}.Debug|Any CPU.ActiveCfg = Debug|Any CPU
		{38D932A8-1C6C-4344-8BED-DE86618F7569}.Debug|Any CPU.Build.0 = Debug|Any CPU
		{38D932A8-1C6C-4344-8BED-DE86618F7569}.Release|Any CPU.ActiveCfg = Release|Any CPU
		{38D932A8-1C6C-4344-8BED-DE86618F7569}.Release|Any CPU.Build.0 = Release|Any CPU
		{0622F32C-25AE-4137-909C-D1A4AA05675C}.Debug|Any CPU.ActiveCfg = Debug|Any CPU
		{0622F32C-25AE-4137-909C-D1A4AA05675C}.Debug|Any CPU.Build.0 = Debug|Any CPU
		{0622F32C-25AE-4137-909C-D1A4AA05675C}.Release|Any CPU.ActiveCfg = Release|Any CPU
		{0622F32C-25AE-4137-909C-D1A4AA05675C}.Release|Any CPU.Build.0 = Release|Any CPU
		{52533A69-B272-4EFF-85EA-E1F8EC222734}.Debug|Any CPU.ActiveCfg = Debug|Any CPU
		{52533A69-B272-4EFF-85EA-E1F8EC222734}.Debug|Any CPU.Build.0 = Debug|Any CPU
		{52533A69-B272-4EFF-85EA-E1F8EC222734}.Release|Any CPU.ActiveCfg = Release|Any CPU
		{52533A69-B272-4EFF-85EA-E1F8EC222734}.Release|Any CPU.Build.0 = Release|Any CPU
	EndGlobalSection
EndGlobal
